// !$*UTF8*$!
{
	archiveVersion = 1;
	classes = {
	};
	objectVersion = 46;
	objects = {

/* Begin PBXBuildFile section */
		0C1B445D19CBA77700DCB3EC /* Remittance.m in Sources */ = {isa = PBXBuildFile; fileRef = 0C1B445C19CBA77700DCB3EC /* Remittance.m */; };
		0C249D7119C98664009FAFBD /* Country.m in Sources */ = {isa = PBXBuildFile; fileRef = 0C249D7019C98664009FAFBD /* Country.m */; };
		0C2961C619C3FFD000CFAB85 /* default.png in Resources */ = {isa = PBXBuildFile; fileRef = 0C2961C519C3FFD000CFAB85 /* default.png */; };
		0C2961CA19C42CA300CFAB85 /* AgentDetailsTableViewController.m in Sources */ = {isa = PBXBuildFile; fileRef = 0C2961C919C42CA300CFAB85 /* AgentDetailsTableViewController.m */; };
		0C2961CF19C45B3600CFAB85 /* Social.framework in Frameworks */ = {isa = PBXBuildFile; fileRef = 0C2961CE19C45B3600CFAB85 /* Social.framework */; };
		0C31839A19C87EBC00ED08B8 /* CommonFunction.m in Sources */ = {isa = PBXBuildFile; fileRef = 0C31839919C87EBC00ED08B8 /* CommonFunction.m */; };
		0CA84DBF19D42F4300F1026E /* AboutTableViewController.m in Sources */ = {isa = PBXBuildFile; fileRef = 0CA84DBE19D42F4300F1026E /* AboutTableViewController.m */; };
		0CA9FBC319CAAC8A006A9A98 /* countryCell.xib in Resources */ = {isa = PBXBuildFile; fileRef = 0CA9FBC219CAAC8A006A9A98 /* countryCell.xib */; };
		0CA9FBC619CAAD4A006A9A98 /* countryTableViewCell.m in Sources */ = {isa = PBXBuildFile; fileRef = 0CA9FBC519CAAD4A006A9A98 /* countryTableViewCell.m */; };
		0CB5131819C2EAB7006D1653 /* RemittanceTableViewController.m in Sources */ = {isa = PBXBuildFile; fileRef = 0CB5131719C2EAB7006D1653 /* RemittanceTableViewController.m */; };
		0CC01EA319C4D36400F3A2B5 /* GameKit.framework in Frameworks */ = {isa = PBXBuildFile; fileRef = 0CC01EA219C4D36400F3A2B5 /* GameKit.framework */; };
		0CC01EA519C4D36D00F3A2B5 /* StoreKit.framework in Frameworks */ = {isa = PBXBuildFile; fileRef = 0CC01EA419C4D36D00F3A2B5 /* StoreKit.framework */; };
		0CC01EAA19C57BC500F3A2B5 /* email.png in Resources */ = {isa = PBXBuildFile; fileRef = 0CC01EA919C57BC500F3A2B5 /* email.png */; };
		0CC01EC519C5F56200F3A2B5 /* EntNotification.m in Sources */ = {isa = PBXBuildFile; fileRef = 0CC01EC419C5F56200F3A2B5 /* EntNotification.m */; };
		0CC5FE1619C2B33B00323A7C /* CoreDataToPeso.m in Sources */ = {isa = PBXBuildFile; fileRef = 0CC5FE1519C2B33B00323A7C /* CoreDataToPeso.m */; };
		0CC70C2719C6032500D0E2E1 /* Notification.m in Sources */ = {isa = PBXBuildFile; fileRef = 0CC70C2619C6032500D0E2E1 /* Notification.m */; };
		0CC70C2B19C6089300D0E2E1 /* NotificationTableViewController.m in Sources */ = {isa = PBXBuildFile; fileRef = 0CC70C2A19C6089300D0E2E1 /* NotificationTableViewController.m */; };
		0CD49B9819ADDFFB0078920D /* Foundation.framework in Frameworks */ = {isa = PBXBuildFile; fileRef = 0CD49B9719ADDFFB0078920D /* Foundation.framework */; };
		0CD49B9A19ADDFFB0078920D /* CoreGraphics.framework in Frameworks */ = {isa = PBXBuildFile; fileRef = 0CD49B9919ADDFFB0078920D /* CoreGraphics.framework */; };
		0CD49B9C19ADDFFB0078920D /* UIKit.framework in Frameworks */ = {isa = PBXBuildFile; fileRef = 0CD49B9B19ADDFFB0078920D /* UIKit.framework */; };
		0CD49B9E19ADDFFB0078920D /* CoreData.framework in Frameworks */ = {isa = PBXBuildFile; fileRef = 0CD49B9D19ADDFFB0078920D /* CoreData.framework */; };
		0CD49BA419ADDFFB0078920D /* InfoPlist.strings in Resources */ = {isa = PBXBuildFile; fileRef = 0CD49BA219ADDFFB0078920D /* InfoPlist.strings */; };
		0CD49BA619ADDFFB0078920D /* main.m in Sources */ = {isa = PBXBuildFile; fileRef = 0CD49BA519ADDFFB0078920D /* main.m */; };
		0CD49BAA19ADDFFB0078920D /* com_pachie_topesoAppDelegate.m in Sources */ = {isa = PBXBuildFile; fileRef = 0CD49BA919ADDFFB0078920D /* com_pachie_topesoAppDelegate.m */; };
		0CD49BAD19ADDFFB0078920D /* ToPeso.xcdatamodeld in Sources */ = {isa = PBXBuildFile; fileRef = 0CD49BAB19ADDFFB0078920D /* ToPeso.xcdatamodeld */; };
		0CD49BAF19ADDFFB0078920D /* Images.xcassets in Resources */ = {isa = PBXBuildFile; fileRef = 0CD49BAE19ADDFFB0078920D /* Images.xcassets */; };
		0CD49BB619ADDFFB0078920D /* XCTest.framework in Frameworks */ = {isa = PBXBuildFile; fileRef = 0CD49BB519ADDFFB0078920D /* XCTest.framework */; };
		0CD49BB719ADDFFB0078920D /* Foundation.framework in Frameworks */ = {isa = PBXBuildFile; fileRef = 0CD49B9719ADDFFB0078920D /* Foundation.framework */; };
		0CD49BB819ADDFFB0078920D /* UIKit.framework in Frameworks */ = {isa = PBXBuildFile; fileRef = 0CD49B9B19ADDFFB0078920D /* UIKit.framework */; };
		0CD49BB919ADDFFB0078920D /* CoreData.framework in Frameworks */ = {isa = PBXBuildFile; fileRef = 0CD49B9D19ADDFFB0078920D /* CoreData.framework */; };
		0CD49BC119ADDFFB0078920D /* InfoPlist.strings in Resources */ = {isa = PBXBuildFile; fileRef = 0CD49BBF19ADDFFB0078920D /* InfoPlist.strings */; };
		0CD49BC319ADDFFB0078920D /* ToPesoTests.m in Sources */ = {isa = PBXBuildFile; fileRef = 0CD49BC219ADDFFB0078920D /* ToPesoTests.m */; };
		0CD49BCE19ADE0300078920D /* View.xib in Resources */ = {isa = PBXBuildFile; fileRef = 0CD49BCD19ADE0300078920D /* View.xib */; };
		0CD49BD019ADE2D70078920D /* Storyboard.storyboard in Resources */ = {isa = PBXBuildFile; fileRef = 0CD49BCF19ADE2D70078920D /* Storyboard.storyboard */; };
		0CD49BD619ADE5230078920D /* CustomTableViewCell.m in Sources */ = {isa = PBXBuildFile; fileRef = 0CD49BD519ADE5230078920D /* CustomTableViewCell.m */; };
		0CF2FF6919C49F190071BDC6 /* Launch_R4.png in Resources */ = {isa = PBXBuildFile; fileRef = 0CF2FF6519C49F190071BDC6 /* Launch_R4.png */; };
		0CF2FF6A19C49F190071BDC6 /* ToPiso_80x80.png in Resources */ = {isa = PBXBuildFile; fileRef = 0CF2FF6619C49F190071BDC6 /* ToPiso_80x80.png */; };
		0CF2FF6B19C49F190071BDC6 /* ToPiso_120x120.png in Resources */ = {isa = PBXBuildFile; fileRef = 0CF2FF6719C49F190071BDC6 /* ToPiso_120x120.png */; };
		0CF2FF6C19C49F190071BDC6 /* ToPiso_5858.png in Resources */ = {isa = PBXBuildFile; fileRef = 0CF2FF6819C49F190071BDC6 /* ToPiso_5858.png */; };
		0CF2FF6E19C4A28E0071BDC6 /* Launch__64x960.png in Resources */ = {isa = PBXBuildFile; fileRef = 0CF2FF6D19C4A28E0071BDC6 /* Launch__64x960.png */; };
		0CF2FF7019C4AA8A0071BDC6 /* MessageUI.framework in Frameworks */ = {isa = PBXBuildFile; fileRef = 0CF2FF6F19C4AA8A0071BDC6 /* MessageUI.framework */; };
		0CF2FF7B19C4BE210071BDC6 /* facebook2.png in Resources */ = {isa = PBXBuildFile; fileRef = 0CF2FF7819C4BE210071BDC6 /* facebook2.png */; };
		0CF2FF7C19C4BE210071BDC6 /* imessage2.png in Resources */ = {isa = PBXBuildFile; fileRef = 0CF2FF7919C4BE210071BDC6 /* imessage2.png */; };
		0CF2FF7D19C4BE210071BDC6 /* twitter_2.png in Resources */ = {isa = PBXBuildFile; fileRef = 0CF2FF7A19C4BE210071BDC6 /* twitter_2.png */; };
		0CF3E94319C8493000C4844A /* SendAndRequest.m in Sources */ = {isa = PBXBuildFile; fileRef = 0CF3E94219C8493000C4844A /* SendAndRequest.m */; };
		0CF7AD1219C2D43C0059EB6C /* CountryMainTableViewController.m in Sources */ = {isa = PBXBuildFile; fileRef = 0CF7AD1119C2D43C0059EB6C /* CountryMainTableViewController.m */; };
		0D5F263519D31737009EC54F /* home-26.png in Resources */ = {isa = PBXBuildFile; fileRef = 0D5F263419D31737009EC54F /* home-26.png */; };
		0D5F263819D31DF2009EC54F /* alert-26.png in Resources */ = {isa = PBXBuildFile; fileRef = 0D5F263719D31DF2009EC54F /* alert-26.png */; };
		0D5F263A19D31ED0009EC54F /* info-26.png in Resources */ = {isa = PBXBuildFile; fileRef = 0D5F263919D31ED0009EC54F /* info-26.png */; };
/* End PBXBuildFile section */

/* Begin PBXContainerItemProxy section */
		0CD49BBA19ADDFFB0078920D /* PBXContainerItemProxy */ = {
			isa = PBXContainerItemProxy;
			containerPortal = 0CD49B8C19ADDFFB0078920D /* Project object */;
			proxyType = 1;
			remoteGlobalIDString = 0CD49B9319ADDFFB0078920D;
			remoteInfo = ToPeso;
		};
/* End PBXContainerItemProxy section */

/* Begin PBXFileReference section */
		0C1B445B19CBA77700DCB3EC /* Remittance.h */ = {isa = PBXFileReference; fileEncoding = 4; lastKnownFileType = sourcecode.c.h; path = Remittance.h; sourceTree = "<group>"; };
		0C1B445C19CBA77700DCB3EC /* Remittance.m */ = {isa = PBXFileReference; fileEncoding = 4; lastKnownFileType = sourcecode.c.objc; path = Remittance.m; sourceTree = "<group>"; };
		0C249D6F19C98664009FAFBD /* Country.h */ = {isa = PBXFileReference; fileEncoding = 4; lastKnownFileType = sourcecode.c.h; path = Country.h; sourceTree = "<group>"; };
		0C249D7019C98664009FAFBD /* Country.m */ = {isa = PBXFileReference; fileEncoding = 4; lastKnownFileType = sourcecode.c.objc; path = Country.m; sourceTree = "<group>"; };
		0C2961C519C3FFD000CFAB85 /* default.png */ = {isa = PBXFileReference; lastKnownFileType = image.png; path = default.png; sourceTree = "<group>"; };
		0C2961C819C42CA300CFAB85 /* AgentDetailsTableViewController.h */ = {isa = PBXFileReference; fileEncoding = 4; lastKnownFileType = sourcecode.c.h; path = AgentDetailsTableViewController.h; sourceTree = "<group>"; };
		0C2961C919C42CA300CFAB85 /* AgentDetailsTableViewController.m */ = {isa = PBXFileReference; fileEncoding = 4; lastKnownFileType = sourcecode.c.objc; path = AgentDetailsTableViewController.m; sourceTree = "<group>"; };
		0C2961CE19C45B3600CFAB85 /* Social.framework */ = {isa = PBXFileReference; lastKnownFileType = wrapper.framework; name = Social.framework; path = System/Library/Frameworks/Social.framework; sourceTree = SDKROOT; };
		0C31839819C87EBC00ED08B8 /* CommonFunction.h */ = {isa = PBXFileReference; fileEncoding = 4; lastKnownFileType = sourcecode.c.h; path = CommonFunction.h; sourceTree = "<group>"; };
		0C31839919C87EBC00ED08B8 /* CommonFunction.m */ = {isa = PBXFileReference; fileEncoding = 4; lastKnownFileType = sourcecode.c.objc; path = CommonFunction.m; sourceTree = "<group>"; };
		0CA84DBD19D42F4300F1026E /* AboutTableViewController.h */ = {isa = PBXFileReference; fileEncoding = 4; lastKnownFileType = sourcecode.c.h; path = AboutTableViewController.h; sourceTree = "<group>"; };
		0CA84DBE19D42F4300F1026E /* AboutTableViewController.m */ = {isa = PBXFileReference; fileEncoding = 4; lastKnownFileType = sourcecode.c.objc; path = AboutTableViewController.m; sourceTree = "<group>"; };
		0CA9FBC219CAAC8A006A9A98 /* countryCell.xib */ = {isa = PBXFileReference; fileEncoding = 4; lastKnownFileType = file.xib; path = countryCell.xib; sourceTree = "<group>"; };
		0CA9FBC419CAAD4A006A9A98 /* countryTableViewCell.h */ = {isa = PBXFileReference; fileEncoding = 4; lastKnownFileType = sourcecode.c.h; path = countryTableViewCell.h; sourceTree = "<group>"; };
		0CA9FBC519CAAD4A006A9A98 /* countryTableViewCell.m */ = {isa = PBXFileReference; fileEncoding = 4; lastKnownFileType = sourcecode.c.objc; path = countryTableViewCell.m; sourceTree = "<group>"; };
		0CB5131619C2EAB7006D1653 /* RemittanceTableViewController.h */ = {isa = PBXFileReference; fileEncoding = 4; lastKnownFileType = sourcecode.c.h; path = RemittanceTableViewController.h; sourceTree = "<group>"; };
		0CB5131719C2EAB7006D1653 /* RemittanceTableViewController.m */ = {isa = PBXFileReference; fileEncoding = 4; lastKnownFileType = sourcecode.c.objc; path = RemittanceTableViewController.m; sourceTree = "<group>"; };
		0CC01EA219C4D36400F3A2B5 /* GameKit.framework */ = {isa = PBXFileReference; lastKnownFileType = wrapper.framework; name = GameKit.framework; path = System/Library/Frameworks/GameKit.framework; sourceTree = SDKROOT; };
		0CC01EA419C4D36D00F3A2B5 /* StoreKit.framework */ = {isa = PBXFileReference; lastKnownFileType = wrapper.framework; name = StoreKit.framework; path = System/Library/Frameworks/StoreKit.framework; sourceTree = SDKROOT; };
		0CC01EA919C57BC500F3A2B5 /* email.png */ = {isa = PBXFileReference; lastKnownFileType = image.png; path = email.png; sourceTree = "<group>"; };
		0CC01EC319C5F56200F3A2B5 /* EntNotification.h */ = {isa = PBXFileReference; fileEncoding = 4; lastKnownFileType = sourcecode.c.h; path = EntNotification.h; sourceTree = "<group>"; };
		0CC01EC419C5F56200F3A2B5 /* EntNotification.m */ = {isa = PBXFileReference; fileEncoding = 4; lastKnownFileType = sourcecode.c.objc; path = EntNotification.m; sourceTree = "<group>"; };
		0CC5FE1419C2B33B00323A7C /* CoreDataToPeso.h */ = {isa = PBXFileReference; fileEncoding = 4; lastKnownFileType = sourcecode.c.h; path = CoreDataToPeso.h; sourceTree = "<group>"; };
		0CC5FE1519C2B33B00323A7C /* CoreDataToPeso.m */ = {isa = PBXFileReference; fileEncoding = 4; lastKnownFileType = sourcecode.c.objc; path = CoreDataToPeso.m; sourceTree = "<group>"; };
		0CC70C2519C6032500D0E2E1 /* Notification.h */ = {isa = PBXFileReference; fileEncoding = 4; lastKnownFileType = sourcecode.c.h; path = Notification.h; sourceTree = "<group>"; };
		0CC70C2619C6032500D0E2E1 /* Notification.m */ = {isa = PBXFileReference; fileEncoding = 4; lastKnownFileType = sourcecode.c.objc; path = Notification.m; sourceTree = "<group>"; };
		0CC70C2919C6089300D0E2E1 /* NotificationTableViewController.h */ = {isa = PBXFileReference; fileEncoding = 4; lastKnownFileType = sourcecode.c.h; path = NotificationTableViewController.h; sourceTree = "<group>"; };
		0CC70C2A19C6089300D0E2E1 /* NotificationTableViewController.m */ = {isa = PBXFileReference; fileEncoding = 4; lastKnownFileType = sourcecode.c.objc; path = NotificationTableViewController.m; sourceTree = "<group>"; };
		0CD49B9419ADDFFB0078920D /* ToPeso.app */ = {isa = PBXFileReference; explicitFileType = wrapper.application; includeInIndex = 0; path = ToPeso.app; sourceTree = BUILT_PRODUCTS_DIR; };
		0CD49B9719ADDFFB0078920D /* Foundation.framework */ = {isa = PBXFileReference; lastKnownFileType = wrapper.framework; name = Foundation.framework; path = System/Library/Frameworks/Foundation.framework; sourceTree = SDKROOT; };
		0CD49B9919ADDFFB0078920D /* CoreGraphics.framework */ = {isa = PBXFileReference; lastKnownFileType = wrapper.framework; name = CoreGraphics.framework; path = System/Library/Frameworks/CoreGraphics.framework; sourceTree = SDKROOT; };
		0CD49B9B19ADDFFB0078920D /* UIKit.framework */ = {isa = PBXFileReference; lastKnownFileType = wrapper.framework; name = UIKit.framework; path = System/Library/Frameworks/UIKit.framework; sourceTree = SDKROOT; };
		0CD49B9D19ADDFFB0078920D /* CoreData.framework */ = {isa = PBXFileReference; lastKnownFileType = wrapper.framework; name = CoreData.framework; path = System/Library/Frameworks/CoreData.framework; sourceTree = SDKROOT; };
		0CD49BA119ADDFFB0078920D /* ToPeso-Info.plist */ = {isa = PBXFileReference; lastKnownFileType = text.plist.xml; path = "ToPeso-Info.plist"; sourceTree = "<group>"; };
		0CD49BA319ADDFFB0078920D /* en */ = {isa = PBXFileReference; lastKnownFileType = text.plist.strings; name = en; path = en.lproj/InfoPlist.strings; sourceTree = "<group>"; };
		0CD49BA519ADDFFB0078920D /* main.m */ = {isa = PBXFileReference; lastKnownFileType = sourcecode.c.objc; path = main.m; sourceTree = "<group>"; };
		0CD49BA719ADDFFB0078920D /* ToPeso-Prefix.pch */ = {isa = PBXFileReference; lastKnownFileType = sourcecode.c.h; path = "ToPeso-Prefix.pch"; sourceTree = "<group>"; };
		0CD49BA819ADDFFB0078920D /* com_pachie_topesoAppDelegate.h */ = {isa = PBXFileReference; lastKnownFileType = sourcecode.c.h; path = com_pachie_topesoAppDelegate.h; sourceTree = "<group>"; };
		0CD49BA919ADDFFB0078920D /* com_pachie_topesoAppDelegate.m */ = {isa = PBXFileReference; lastKnownFileType = sourcecode.c.objc; path = com_pachie_topesoAppDelegate.m; sourceTree = "<group>"; };
		0CD49BAC19ADDFFB0078920D /* ToPeso.xcdatamodel */ = {isa = PBXFileReference; lastKnownFileType = wrapper.xcdatamodel; path = ToPeso.xcdatamodel; sourceTree = "<group>"; };
		0CD49BAE19ADDFFB0078920D /* Images.xcassets */ = {isa = PBXFileReference; lastKnownFileType = folder.assetcatalog; path = Images.xcassets; sourceTree = "<group>"; };
		0CD49BB419ADDFFB0078920D /* ToPesoTests.xctest */ = {isa = PBXFileReference; explicitFileType = wrapper.cfbundle; includeInIndex = 0; path = ToPesoTests.xctest; sourceTree = BUILT_PRODUCTS_DIR; };
		0CD49BB519ADDFFB0078920D /* XCTest.framework */ = {isa = PBXFileReference; lastKnownFileType = wrapper.framework; name = XCTest.framework; path = Library/Frameworks/XCTest.framework; sourceTree = DEVELOPER_DIR; };
		0CD49BBE19ADDFFB0078920D /* ToPesoTests-Info.plist */ = {isa = PBXFileReference; lastKnownFileType = text.plist.xml; path = "ToPesoTests-Info.plist"; sourceTree = "<group>"; };
		0CD49BC019ADDFFB0078920D /* en */ = {isa = PBXFileReference; lastKnownFileType = text.plist.strings; name = en; path = en.lproj/InfoPlist.strings; sourceTree = "<group>"; };
		0CD49BC219ADDFFB0078920D /* ToPesoTests.m */ = {isa = PBXFileReference; lastKnownFileType = sourcecode.c.objc; path = ToPesoTests.m; sourceTree = "<group>"; };
		0CD49BCD19ADE0300078920D /* View.xib */ = {isa = PBXFileReference; fileEncoding = 4; lastKnownFileType = file.xib; path = View.xib; sourceTree = "<group>"; };
		0CD49BCF19ADE2D70078920D /* Storyboard.storyboard */ = {isa = PBXFileReference; fileEncoding = 4; lastKnownFileType = file.storyboard; path = Storyboard.storyboard; sourceTree = "<group>"; };
		0CD49BD419ADE5230078920D /* CustomTableViewCell.h */ = {isa = PBXFileReference; fileEncoding = 4; lastKnownFileType = sourcecode.c.h; path = CustomTableViewCell.h; sourceTree = "<group>"; };
		0CD49BD519ADE5230078920D /* CustomTableViewCell.m */ = {isa = PBXFileReference; fileEncoding = 4; lastKnownFileType = sourcecode.c.objc; path = CustomTableViewCell.m; sourceTree = "<group>"; };
		0CF2FF6519C49F190071BDC6 /* Launch_R4.png */ = {isa = PBXFileReference; lastKnownFileType = image.png; path = Launch_R4.png; sourceTree = "<group>"; };
		0CF2FF6619C49F190071BDC6 /* ToPiso_80x80.png */ = {isa = PBXFileReference; lastKnownFileType = image.png; path = ToPiso_80x80.png; sourceTree = "<group>"; };
		0CF2FF6719C49F190071BDC6 /* ToPiso_120x120.png */ = {isa = PBXFileReference; lastKnownFileType = image.png; path = ToPiso_120x120.png; sourceTree = "<group>"; };
		0CF2FF6819C49F190071BDC6 /* ToPiso_5858.png */ = {isa = PBXFileReference; lastKnownFileType = image.png; path = ToPiso_5858.png; sourceTree = "<group>"; };
		0CF2FF6D19C4A28E0071BDC6 /* Launch__64x960.png */ = {isa = PBXFileReference; lastKnownFileType = image.png; path = Launch__64x960.png; sourceTree = "<group>"; };
		0CF2FF6F19C4AA8A0071BDC6 /* MessageUI.framework */ = {isa = PBXFileReference; lastKnownFileType = wrapper.framework; name = MessageUI.framework; path = System/Library/Frameworks/MessageUI.framework; sourceTree = SDKROOT; };
		0CF2FF7819C4BE210071BDC6 /* facebook2.png */ = {isa = PBXFileReference; lastKnownFileType = image.png; path = facebook2.png; sourceTree = "<group>"; };
		0CF2FF7919C4BE210071BDC6 /* imessage2.png */ = {isa = PBXFileReference; lastKnownFileType = image.png; path = imessage2.png; sourceTree = "<group>"; };
		0CF2FF7A19C4BE210071BDC6 /* twitter_2.png */ = {isa = PBXFileReference; lastKnownFileType = image.png; path = twitter_2.png; sourceTree = "<group>"; };
		0CF3E94119C8493000C4844A /* SendAndRequest.h */ = {isa = PBXFileReference; fileEncoding = 4; lastKnownFileType = sourcecode.c.h; path = SendAndRequest.h; sourceTree = "<group>"; };
		0CF3E94219C8493000C4844A /* SendAndRequest.m */ = {isa = PBXFileReference; fileEncoding = 4; lastKnownFileType = sourcecode.c.objc; path = SendAndRequest.m; sourceTree = "<group>"; };
		0CF7AD1019C2D43C0059EB6C /* CountryMainTableViewController.h */ = {isa = PBXFileReference; fileEncoding = 4; lastKnownFileType = sourcecode.c.h; path = CountryMainTableViewController.h; sourceTree = "<group>"; };
		0CF7AD1119C2D43C0059EB6C /* CountryMainTableViewController.m */ = {isa = PBXFileReference; fileEncoding = 4; lastKnownFileType = sourcecode.c.objc; path = CountryMainTableViewController.m; sourceTree = "<group>"; };
		0D5F263419D31737009EC54F /* home-26.png */ = {isa = PBXFileReference; lastKnownFileType = image.png; name = "home-26.png"; path = "../ToPeso/home-26.png"; sourceTree = "<group>"; };
		0D5F263719D31DF2009EC54F /* alert-26.png */ = {isa = PBXFileReference; lastKnownFileType = image.png; path = "alert-26.png"; sourceTree = "<group>"; };
		0D5F263919D31ED0009EC54F /* info-26.png */ = {isa = PBXFileReference; lastKnownFileType = image.png; path = "info-26.png"; sourceTree = "<group>"; };
/* End PBXFileReference section */

/* Begin PBXFrameworksBuildPhase section */
		0CD49B9119ADDFFB0078920D /* Frameworks */ = {
			isa = PBXFrameworksBuildPhase;
			buildActionMask = 2147483647;
			files = (
				0CF2FF7019C4AA8A0071BDC6 /* MessageUI.framework in Frameworks */,
				0C2961CF19C45B3600CFAB85 /* Social.framework in Frameworks */,
				0CC01EA319C4D36400F3A2B5 /* GameKit.framework in Frameworks */,
				0CC01EA519C4D36D00F3A2B5 /* StoreKit.framework in Frameworks */,
				0CD49B9A19ADDFFB0078920D /* CoreGraphics.framework in Frameworks */,
				0CD49B9E19ADDFFB0078920D /* CoreData.framework in Frameworks */,
				0CD49B9C19ADDFFB0078920D /* UIKit.framework in Frameworks */,
				0CD49B9819ADDFFB0078920D /* Foundation.framework in Frameworks */,
			);
			runOnlyForDeploymentPostprocessing = 0;
		};
		0CD49BB119ADDFFB0078920D /* Frameworks */ = {
			isa = PBXFrameworksBuildPhase;
			buildActionMask = 2147483647;
			files = (
				0CD49BB619ADDFFB0078920D /* XCTest.framework in Frameworks */,
				0CD49BB919ADDFFB0078920D /* CoreData.framework in Frameworks */,
				0CD49BB819ADDFFB0078920D /* UIKit.framework in Frameworks */,
				0CD49BB719ADDFFB0078920D /* Foundation.framework in Frameworks */,
			);
			runOnlyForDeploymentPostprocessing = 0;
		};
/* End PBXFrameworksBuildPhase section */

/* Begin PBXGroup section */
		0C2961C719C42C7900CFAB85 /* Home */ = {
			isa = PBXGroup;
			children = (
				0CB5131619C2EAB7006D1653 /* RemittanceTableViewController.h */,
				0CB5131719C2EAB7006D1653 /* RemittanceTableViewController.m */,
				0CF7AD1019C2D43C0059EB6C /* CountryMainTableViewController.h */,
				0CF7AD1119C2D43C0059EB6C /* CountryMainTableViewController.m */,
				0C2961C819C42CA300CFAB85 /* AgentDetailsTableViewController.h */,
				0C2961C919C42CA300CFAB85 /* AgentDetailsTableViewController.m */,
			);
			name = Home;
			sourceTree = "<group>";
		};
		0C31839B19C87EC200ED08B8 /* Common */ = {
			isa = PBXGroup;
			children = (
				0C31839819C87EBC00ED08B8 /* CommonFunction.h */,
				0C31839919C87EBC00ED08B8 /* CommonFunction.m */,
			);
			name = Common;
			sourceTree = "<group>";
		};
		0CA84DBC19D42F1200F1026E /* About */ = {
			isa = PBXGroup;
			children = (
				0CA84DBD19D42F4300F1026E /* AboutTableViewController.h */,
				0CA84DBE19D42F4300F1026E /* AboutTableViewController.m */,
			);
			name = About;
			sourceTree = "<group>";
		};
		0CB5131C19C36F40006D1653 /* flags */ = {
			isa = PBXGroup;
			children = (
				0D5F263619D318D6009EC54F /* Icons */,
				0CF2FF7119C4B1C90071BDC6 /* Social */,
				0CF2FF5619C47AEC0071BDC6 /* AppIcons */,
				0C2961C519C3FFD000CFAB85 /* default.png */,
			);
			path = flags;
			sourceTree = "<group>";
		};
		0CC5FE1719C2B34500323A7C /* Database */ = {
			isa = PBXGroup;
			children = (
				0CC5FE1419C2B33B00323A7C /* CoreDataToPeso.h */,
				0CC5FE1519C2B33B00323A7C /* CoreDataToPeso.m */,
			);
			name = Database;
			sourceTree = "<group>";
		};
		0CC70C2819C6087400D0E2E1 /* Notification */ = {
			isa = PBXGroup;
			children = (
				0CC70C2919C6089300D0E2E1 /* NotificationTableViewController.h */,
				0CC70C2A19C6089300D0E2E1 /* NotificationTableViewController.m */,
			);
			name = Notification;
			sourceTree = "<group>";
		};
		0CD49B8B19ADDFFB0078920D = {
			isa = PBXGroup;
			children = (
				0CA84DBC19D42F1200F1026E /* About */,
				0C31839B19C87EC200ED08B8 /* Common */,
				0CF3E94019C8490200C4844A /* SendRequestJSON */,
				0CC70C2819C6087400D0E2E1 /* Notification */,
				0C2961C719C42C7900CFAB85 /* Home */,
				0CB5131C19C36F40006D1653 /* flags */,
				0CC5FE1719C2B34500323A7C /* Database */,
				0CD49B9F19ADDFFB0078920D /* ToPeso */,
				0CD49BBC19ADDFFB0078920D /* ToPesoTests */,
				0CD49B9619ADDFFB0078920D /* Frameworks */,
				0CD49B9519ADDFFB0078920D /* Products */,
			);
			sourceTree = "<group>";
		};
		0CD49B9519ADDFFB0078920D /* Products */ = {
			isa = PBXGroup;
			children = (
				0CD49B9419ADDFFB0078920D /* ToPeso.app */,
				0CD49BB419ADDFFB0078920D /* ToPesoTests.xctest */,
			);
			name = Products;
			sourceTree = "<group>";
		};
		0CD49B9619ADDFFB0078920D /* Frameworks */ = {
			isa = PBXGroup;
			children = (
				0CC01EA419C4D36D00F3A2B5 /* StoreKit.framework */,
				0CC01EA219C4D36400F3A2B5 /* GameKit.framework */,
				0CF2FF6F19C4AA8A0071BDC6 /* MessageUI.framework */,
				0C2961CE19C45B3600CFAB85 /* Social.framework */,
				0CD49B9719ADDFFB0078920D /* Foundation.framework */,
				0CD49B9919ADDFFB0078920D /* CoreGraphics.framework */,
				0CD49B9B19ADDFFB0078920D /* UIKit.framework */,
				0CD49B9D19ADDFFB0078920D /* CoreData.framework */,
				0CD49BB519ADDFFB0078920D /* XCTest.framework */,
			);
			name = Frameworks;
			sourceTree = "<group>";
		};
		0CD49B9F19ADDFFB0078920D /* ToPeso */ = {
			isa = PBXGroup;
			children = (
				0CD49BCC19ADE00D0078920D /* CustomCell */,
				0CD49BA819ADDFFB0078920D /* com_pachie_topesoAppDelegate.h */,
				0CD49BA919ADDFFB0078920D /* com_pachie_topesoAppDelegate.m */,
				0CD49BAE19ADDFFB0078920D /* Images.xcassets */,
				0CD49BAB19ADDFFB0078920D /* ToPeso.xcdatamodeld */,
				0C1B445B19CBA77700DCB3EC /* Remittance.h */,
				0C1B445C19CBA77700DCB3EC /* Remittance.m */,
				0C249D6F19C98664009FAFBD /* Country.h */,
				0C249D7019C98664009FAFBD /* Country.m */,
				0CC70C2519C6032500D0E2E1 /* Notification.h */,
				0CC70C2619C6032500D0E2E1 /* Notification.m */,
				0CD49BA019ADDFFB0078920D /* Supporting Files */,
				0CD49BCF19ADE2D70078920D /* Storyboard.storyboard */,
				0CC01EC319C5F56200F3A2B5 /* EntNotification.h */,
				0CC01EC419C5F56200F3A2B5 /* EntNotification.m */,
			);
			path = ToPeso;
			sourceTree = "<group>";
		};
		0CD49BA019ADDFFB0078920D /* Supporting Files */ = {
			isa = PBXGroup;
			children = (
				0CD49BA119ADDFFB0078920D /* ToPeso-Info.plist */,
				0CD49BA219ADDFFB0078920D /* InfoPlist.strings */,
				0CD49BA519ADDFFB0078920D /* main.m */,
				0CD49BA719ADDFFB0078920D /* ToPeso-Prefix.pch */,
			);
			name = "Supporting Files";
			sourceTree = "<group>";
		};
		0CD49BBC19ADDFFB0078920D /* ToPesoTests */ = {
			isa = PBXGroup;
			children = (
				0CD49BC219ADDFFB0078920D /* ToPesoTests.m */,
				0CD49BBD19ADDFFB0078920D /* Supporting Files */,
			);
			path = ToPesoTests;
			sourceTree = "<group>";
		};
		0CD49BBD19ADDFFB0078920D /* Supporting Files */ = {
			isa = PBXGroup;
			children = (
				0CD49BBE19ADDFFB0078920D /* ToPesoTests-Info.plist */,
				0CD49BBF19ADDFFB0078920D /* InfoPlist.strings */,
			);
			name = "Supporting Files";
			sourceTree = "<group>";
		};
		0CD49BCC19ADE00D0078920D /* CustomCell */ = {
			isa = PBXGroup;
			children = (
				0CD49BCD19ADE0300078920D /* View.xib */,
				0CD49BD419ADE5230078920D /* CustomTableViewCell.h */,
				0CD49BD519ADE5230078920D /* CustomTableViewCell.m */,
				0CA9FBC219CAAC8A006A9A98 /* countryCell.xib */,
				0CA9FBC419CAAD4A006A9A98 /* countryTableViewCell.h */,
				0CA9FBC519CAAD4A006A9A98 /* countryTableViewCell.m */,
			);
			name = CustomCell;
			sourceTree = "<group>";
		};
		0CF2FF5619C47AEC0071BDC6 /* AppIcons */ = {
			isa = PBXGroup;
			children = (
				0CF2FF6D19C4A28E0071BDC6 /* Launch__64x960.png */,
				0CF2FF6519C49F190071BDC6 /* Launch_R4.png */,
				0CF2FF6619C49F190071BDC6 /* ToPiso_80x80.png */,
				0CF2FF6719C49F190071BDC6 /* ToPiso_120x120.png */,
				0CF2FF6819C49F190071BDC6 /* ToPiso_5858.png */,
			);
			name = AppIcons;
			sourceTree = "<group>";
		};
		0CF2FF7119C4B1C90071BDC6 /* Social */ = {
			isa = PBXGroup;
			children = (
				0CC01EA919C57BC500F3A2B5 /* email.png */,
				0CF2FF7819C4BE210071BDC6 /* facebook2.png */,
				0CF2FF7919C4BE210071BDC6 /* imessage2.png */,
				0CF2FF7A19C4BE210071BDC6 /* twitter_2.png */,
			);
			name = Social;
			sourceTree = "<group>";
		};
		0CF3E94019C8490200C4844A /* SendRequestJSON */ = {
			isa = PBXGroup;
			children = (
				0CF3E94119C8493000C4844A /* SendAndRequest.h */,
				0CF3E94219C8493000C4844A /* SendAndRequest.m */,
			);
			name = SendRequestJSON;
			sourceTree = "<group>";
		};
		0D5F263619D318D6009EC54F /* Icons */ = {
			isa = PBXGroup;
			children = (
				0D5F263919D31ED0009EC54F /* info-26.png */,
				0D5F263719D31DF2009EC54F /* alert-26.png */,
				0D5F263419D31737009EC54F /* home-26.png */,
			);
			name = Icons;
			sourceTree = "<group>";
		};
/* End PBXGroup section */

/* Begin PBXNativeTarget section */
		0CD49B9319ADDFFB0078920D /* ToPeso */ = {
			isa = PBXNativeTarget;
			buildConfigurationList = 0CD49BC619ADDFFB0078920D /* Build configuration list for PBXNativeTarget "ToPeso" */;
			buildPhases = (
				0CD49B9019ADDFFB0078920D /* Sources */,
				0CD49B9119ADDFFB0078920D /* Frameworks */,
				0CD49B9219ADDFFB0078920D /* Resources */,
			);
			buildRules = (
			);
			dependencies = (
			);
			name = ToPeso;
			productName = ToPeso;
			productReference = 0CD49B9419ADDFFB0078920D /* ToPeso.app */;
			productType = "com.apple.product-type.application";
		};
		0CD49BB319ADDFFB0078920D /* ToPesoTests */ = {
			isa = PBXNativeTarget;
			buildConfigurationList = 0CD49BC919ADDFFB0078920D /* Build configuration list for PBXNativeTarget "ToPesoTests" */;
			buildPhases = (
				0CD49BB019ADDFFB0078920D /* Sources */,
				0CD49BB119ADDFFB0078920D /* Frameworks */,
				0CD49BB219ADDFFB0078920D /* Resources */,
			);
			buildRules = (
			);
			dependencies = (
				0CD49BBB19ADDFFB0078920D /* PBXTargetDependency */,
			);
			name = ToPesoTests;
			productName = ToPesoTests;
			productReference = 0CD49BB419ADDFFB0078920D /* ToPesoTests.xctest */;
			productType = "com.apple.product-type.bundle.unit-test";
		};
/* End PBXNativeTarget section */

/* Begin PBXProject section */
		0CD49B8C19ADDFFB0078920D /* Project object */ = {
			isa = PBXProject;
			attributes = {
				CLASSPREFIX = com.pachie.topeso;
				LastUpgradeCheck = 0510;
				ORGANIZATIONNAME = Private;
				TargetAttributes = {
					0CD49B9319ADDFFB0078920D = {
						DevelopmentTeam = R3F22UC8DK;
						SystemCapabilities = {
							com.apple.GameCenter = {
								enabled = 1;
							};
							com.apple.InAppPurchase = {
								enabled = 1;
							};
						};
					};
					0CD49BB319ADDFFB0078920D = {
						TestTargetID = 0CD49B9319ADDFFB0078920D;
					};
				};
			};
			buildConfigurationList = 0CD49B8F19ADDFFB0078920D /* Build configuration list for PBXProject "ToPeso" */;
			compatibilityVersion = "Xcode 3.2";
			developmentRegion = English;
			hasScannedForEncodings = 0;
			knownRegions = (
				en,
			);
			mainGroup = 0CD49B8B19ADDFFB0078920D;
			productRefGroup = 0CD49B9519ADDFFB0078920D /* Products */;
			projectDirPath = "";
			projectRoot = "";
			targets = (
				0CD49B9319ADDFFB0078920D /* ToPeso */,
				0CD49BB319ADDFFB0078920D /* ToPesoTests */,
			);
		};
/* End PBXProject section */

/* Begin PBXResourcesBuildPhase section */
		0CD49B9219ADDFFB0078920D /* Resources */ = {
			isa = PBXResourcesBuildPhase;
			buildActionMask = 2147483647;
			files = (
				0CF2FF7C19C4BE210071BDC6 /* imessage2.png in Resources */,
				0CF2FF7B19C4BE210071BDC6 /* facebook2.png in Resources */,
				0CD49BA419ADDFFB0078920D /* InfoPlist.strings in Resources */,
				0CA9FBC319CAAC8A006A9A98 /* countryCell.xib in Resources */,
				0CD49BD019ADE2D70078920D /* Storyboard.storyboard in Resources */,
				0CD49BCE19ADE0300078920D /* View.xib in Resources */,
				0C2961C619C3FFD000CFAB85 /* default.png in Resources */,
				0D5F263A19D31ED0009EC54F /* info-26.png in Resources */,
				0CF2FF6B19C49F190071BDC6 /* ToPiso_120x120.png in Resources */,
				0CF2FF6A19C49F190071BDC6 /* ToPiso_80x80.png in Resources */,
				0CF2FF7D19C4BE210071BDC6 /* twitter_2.png in Resources */,
				0CF2FF6919C49F190071BDC6 /* Launch_R4.png in Resources */,
				0CD49BAF19ADDFFB0078920D /* Images.xcassets in Resources */,
				0D5F263819D31DF2009EC54F /* alert-26.png in Resources */,
				0D5F263519D31737009EC54F /* home-26.png in Resources */,
				0CC01EAA19C57BC500F3A2B5 /* email.png in Resources */,
				0CF2FF6E19C4A28E0071BDC6 /* Launch__64x960.png in Resources */,
				0CF2FF6C19C49F190071BDC6 /* ToPiso_5858.png in Resources */,
			);
			runOnlyForDeploymentPostprocessing = 0;
		};
		0CD49BB219ADDFFB0078920D /* Resources */ = {
			isa = PBXResourcesBuildPhase;
			buildActionMask = 2147483647;
			files = (
				0CD49BC119ADDFFB0078920D /* InfoPlist.strings in Resources */,
			);
			runOnlyForDeploymentPostprocessing = 0;
		};
/* End PBXResourcesBuildPhase section */

/* Begin PBXSourcesBuildPhase section */
		0CD49B9019ADDFFB0078920D /* Sources */ = {
			isa = PBXSourcesBuildPhase;
			buildActionMask = 2147483647;
			files = (
				0CD49BAA19ADDFFB0078920D /* com_pachie_topesoAppDelegate.m in Sources */,
				0CC5FE1619C2B33B00323A7C /* CoreDataToPeso.m in Sources */,
				0CC01EC519C5F56200F3A2B5 /* EntNotification.m in Sources */,
				0C1B445D19CBA77700DCB3EC /* Remittance.m in Sources */,
				0C2961CA19C42CA300CFAB85 /* AgentDetailsTableViewController.m in Sources */,
				0C249D7119C98664009FAFBD /* Country.m in Sources */,
				0CD49BA619ADDFFB0078920D /* main.m in Sources */,
				0CF3E94319C8493000C4844A /* SendAndRequest.m in Sources */,
				0CB5131819C2EAB7006D1653 /* RemittanceTableViewController.m in Sources */,
				0CA9FBC619CAAD4A006A9A98 /* countryTableViewCell.m in Sources */,
				0CC70C2B19C6089300D0E2E1 /* NotificationTableViewController.m in Sources */,
				0CD49BD619ADE5230078920D /* CustomTableViewCell.m in Sources */,
				0CC70C2719C6032500D0E2E1 /* Notification.m in Sources */,
				0CF7AD1219C2D43C0059EB6C /* CountryMainTableViewController.m in Sources */,
				0CA84DBF19D42F4300F1026E /* AboutTableViewController.m in Sources */,
				0CD49BAD19ADDFFB0078920D /* ToPeso.xcdatamodeld in Sources */,
				0C31839A19C87EBC00ED08B8 /* CommonFunction.m in Sources */,
			);
			runOnlyForDeploymentPostprocessing = 0;
		};
		0CD49BB019ADDFFB0078920D /* Sources */ = {
			isa = PBXSourcesBuildPhase;
			buildActionMask = 2147483647;
			files = (
				0CD49BC319ADDFFB0078920D /* ToPesoTests.m in Sources */,
			);
			runOnlyForDeploymentPostprocessing = 0;
		};
/* End PBXSourcesBuildPhase section */

/* Begin PBXTargetDependency section */
		0CD49BBB19ADDFFB0078920D /* PBXTargetDependency */ = {
			isa = PBXTargetDependency;
			target = 0CD49B9319ADDFFB0078920D /* ToPeso */;
			targetProxy = 0CD49BBA19ADDFFB0078920D /* PBXContainerItemProxy */;
		};
/* End PBXTargetDependency section */

/* Begin PBXVariantGroup section */
		0CD49BA219ADDFFB0078920D /* InfoPlist.strings */ = {
			isa = PBXVariantGroup;
			children = (
				0CD49BA319ADDFFB0078920D /* en */,
			);
			name = InfoPlist.strings;
			sourceTree = "<group>";
		};
		0CD49BBF19ADDFFB0078920D /* InfoPlist.strings */ = {
			isa = PBXVariantGroup;
			children = (
				0CD49BC019ADDFFB0078920D /* en */,
			);
			name = InfoPlist.strings;
			sourceTree = "<group>";
		};
/* End PBXVariantGroup section */

/* Begin XCBuildConfiguration section */
		0CD49BC419ADDFFB0078920D /* Debug */ = {
			isa = XCBuildConfiguration;
			buildSettings = {
				ALWAYS_SEARCH_USER_PATHS = NO;
				CLANG_CXX_LANGUAGE_STANDARD = "gnu++0x";
				CLANG_CXX_LIBRARY = "libc++";
				CLANG_ENABLE_MODULES = YES;
				CLANG_ENABLE_OBJC_ARC = YES;
				CLANG_WARN_BOOL_CONVERSION = YES;
				CLANG_WARN_CONSTANT_CONVERSION = YES;
				CLANG_WARN_DIRECT_OBJC_ISA_USAGE = YES_ERROR;
				CLANG_WARN_EMPTY_BODY = YES;
				CLANG_WARN_ENUM_CONVERSION = YES;
				CLANG_WARN_INT_CONVERSION = YES;
				CLANG_WARN_OBJC_ROOT_CLASS = YES_ERROR;
				CLANG_WARN__DUPLICATE_METHOD_MATCH = YES;
				"CODE_SIGN_IDENTITY[sdk=iphoneos*]" = "iPhone Developer";
				COPY_PHASE_STRIP = NO;
				GCC_C_LANGUAGE_STANDARD = gnu99;
				GCC_DYNAMIC_NO_PIC = NO;
				GCC_OPTIMIZATION_LEVEL = 0;
				GCC_PREPROCESSOR_DEFINITIONS = (
					"DEBUG=1",
					"$(inherited)",
				);
				GCC_SYMBOLS_PRIVATE_EXTERN = NO;
				GCC_WARN_64_TO_32_BIT_CONVERSION = YES;
				GCC_WARN_ABOUT_RETURN_TYPE = YES_ERROR;
				GCC_WARN_UNDECLARED_SELECTOR = YES;
				GCC_WARN_UNINITIALIZED_AUTOS = YES_AGGRESSIVE;
				GCC_WARN_UNUSED_FUNCTION = YES;
				GCC_WARN_UNUSED_VARIABLE = YES;
				IPHONEOS_DEPLOYMENT_TARGET = 7.1;
				ONLY_ACTIVE_ARCH = YES;
				SDKROOT = iphoneos;
			};
			name = Debug;
		};
		0CD49BC519ADDFFB0078920D /* Release */ = {
			isa = XCBuildConfiguration;
			buildSettings = {
				ALWAYS_SEARCH_USER_PATHS = NO;
				CLANG_CXX_LANGUAGE_STANDARD = "gnu++0x";
				CLANG_CXX_LIBRARY = "libc++";
				CLANG_ENABLE_MODULES = YES;
				CLANG_ENABLE_OBJC_ARC = YES;
				CLANG_WARN_BOOL_CONVERSION = YES;
				CLANG_WARN_CONSTANT_CONVERSION = YES;
				CLANG_WARN_DIRECT_OBJC_ISA_USAGE = YES_ERROR;
				CLANG_WARN_EMPTY_BODY = YES;
				CLANG_WARN_ENUM_CONVERSION = YES;
				CLANG_WARN_INT_CONVERSION = YES;
				CLANG_WARN_OBJC_ROOT_CLASS = YES_ERROR;
				CLANG_WARN__DUPLICATE_METHOD_MATCH = YES;
				"CODE_SIGN_IDENTITY[sdk=iphoneos*]" = "iPhone Developer";
				COPY_PHASE_STRIP = YES;
				ENABLE_NS_ASSERTIONS = NO;
				GCC_C_LANGUAGE_STANDARD = gnu99;
				GCC_WARN_64_TO_32_BIT_CONVERSION = YES;
				GCC_WARN_ABOUT_RETURN_TYPE = YES_ERROR;
				GCC_WARN_UNDECLARED_SELECTOR = YES;
				GCC_WARN_UNINITIALIZED_AUTOS = YES_AGGRESSIVE;
				GCC_WARN_UNUSED_FUNCTION = YES;
				GCC_WARN_UNUSED_VARIABLE = YES;
				IPHONEOS_DEPLOYMENT_TARGET = 7.1;
				SDKROOT = iphoneos;
				VALIDATE_PRODUCT = YES;
			};
			name = Release;
		};
		0CD49BC719ADDFFB0078920D /* Debug */ = {
			isa = XCBuildConfiguration;
			buildSettings = {
				ASSETCATALOG_COMPILER_APPICON_NAME = AppIcon;
				ASSETCATALOG_COMPILER_LAUNCHIMAGE_NAME = LaunchImage;
				CODE_SIGN_IDENTITY = "";
				"CODE_SIGN_IDENTITY[sdk=iphoneos*]" = "";
				GCC_PRECOMPILE_PREFIX_HEADER = YES;
				GCC_PREFIX_HEADER = "ToPeso/ToPeso-Prefix.pch";
				INFOPLIST_FILE = "ToPeso/ToPeso-Info.plist";
				IPHONEOS_DEPLOYMENT_TARGET = 6.0;
				PRODUCT_NAME = "$(TARGET_NAME)";
				PROVISIONING_PROFILE = "15571a9a-ace9-482d-a2a6-352fe4736d46";
				WRAPPER_EXTENSION = app;
			};
			name = Debug;
		};
		0CD49BC819ADDFFB0078920D /* Release */ = {
			isa = XCBuildConfiguration;
			buildSettings = {
				ASSETCATALOG_COMPILER_APPICON_NAME = AppIcon;
				ASSETCATALOG_COMPILER_LAUNCHIMAGE_NAME = LaunchImage;
				CODE_SIGN_IDENTITY = "iPhone Distribution: Archie Angeles (R3F22UC8DK)";
				"CODE_SIGN_IDENTITY[sdk=iphoneos*]" = "iPhone Distribution: Archie Angeles (R3F22UC8DK)";
				GCC_PRECOMPILE_PREFIX_HEADER = YES;
				GCC_PREFIX_HEADER = "ToPeso/ToPeso-Prefix.pch";
				INFOPLIST_FILE = "ToPeso/ToPeso-Info.plist";
				IPHONEOS_DEPLOYMENT_TARGET = 6.0;
				PRODUCT_NAME = "$(TARGET_NAME)";
				PROVISIONING_PROFILE = "29145bba-88f7-4156-a5d3-798d48a368fd";
				WRAPPER_EXTENSION = app;
			};
			name = Release;
		};
		0CD49BCA19ADDFFB0078920D /* Debug */ = {
			isa = XCBuildConfiguration;
			buildSettings = {
				BUNDLE_LOADER = "$(BUILT_PRODUCTS_DIR)/ToPeso.app/ToPeso";
				FRAMEWORK_SEARCH_PATHS = (
					"$(SDKROOT)/Developer/Library/Frameworks",
					"$(inherited)",
					"$(DEVELOPER_FRAMEWORKS_DIR)",
				);
				GCC_PRECOMPILE_PREFIX_HEADER = YES;
				GCC_PREFIX_HEADER = "ToPeso/ToPeso-Prefix.pch";
				GCC_PREPROCESSOR_DEFINITIONS = (
					"DEBUG=1",
					"$(inherited)",
				);
				INFOPLIST_FILE = "ToPesoTests/ToPesoTests-Info.plist";
				PRODUCT_NAME = "$(TARGET_NAME)";
				TEST_HOST = "$(BUNDLE_LOADER)";
				WRAPPER_EXTENSION = xctest;
			};
			name = Debug;
		};
		0CD49BCB19ADDFFB0078920D /* Release */ = {
			isa = XCBuildConfiguration;
			buildSettings = {
				BUNDLE_LOADER = "$(BUILT_PRODUCTS_DIR)/ToPeso.app/ToPeso";
				FRAMEWORK_SEARCH_PATHS = (
					"$(SDKROOT)/Developer/Library/Frameworks",
					"$(inherited)",
					"$(DEVELOPER_FRAMEWORKS_DIR)",
				);
				GCC_PRECOMPILE_PREFIX_HEADER = YES;
				GCC_PREFIX_HEADER = "ToPeso/ToPeso-Prefix.pch";
				INFOPLIST_FILE = "ToPesoTests/ToPesoTests-Info.plist";
				PRODUCT_NAME = "$(TARGET_NAME)";
				TEST_HOST = "$(BUNDLE_LOADER)";
				WRAPPER_EXTENSION = xctest;
			};
			name = Release;
		};
/* End XCBuildConfiguration section */

/* Begin XCConfigurationList section */
		0CD49B8F19ADDFFB0078920D /* Build configuration list for PBXProject "ToPeso" */ = {
			isa = XCConfigurationList;
			buildConfigurations = (
				0CD49BC419ADDFFB0078920D /* Debug */,
				0CD49BC519ADDFFB0078920D /* Release */,
			);
			defaultConfigurationIsVisible = 0;
			defaultConfigurationName = Release;
		};
		0CD49BC619ADDFFB0078920D /* Build configuration list for PBXNativeTarget "ToPeso" */ = {
			isa = XCConfigurationList;
			buildConfigurations = (
				0CD49BC719ADDFFB0078920D /* Debug */,
				0CD49BC819ADDFFB0078920D /* Release */,
			);
			defaultConfigurationIsVisible = 0;
			defaultConfigurationName = Release;
		};
		0CD49BC919ADDFFB0078920D /* Build configuration list for PBXNativeTarget "ToPesoTests" */ = {
			isa = XCConfigurationList;
			buildConfigurations = (
				0CD49BCA19ADDFFB0078920D /* Debug */,
				0CD49BCB19ADDFFB0078920D /* Release */,
			);
			defaultConfigurationIsVisible = 0;
			defaultConfigurationName = Release;
		};
/* End XCConfigurationList section */

/* Begin XCVersionGroup section */
		0CD49BAB19ADDFFB0078920D /* ToPeso.xcdatamodeld */ = {
			isa = XCVersionGroup;
			children = (
				0CD49BAC19ADDFFB0078920D /* ToPeso.xcdatamodel */,
			);
			currentVersion = 0CD49BAC19ADDFFB0078920D /* ToPeso.xcdatamodel */;
			path = ToPeso.xcdatamodeld;
			sourceTree = "<group>";
			versionGroupType = wrapper.xcdatamodel;
		};
/* End XCVersionGroup section */
	};
	rootObject = 0CD49B8C19ADDFFB0078920D /* Project object */;
}
