// !$*UTF8*$!
{
	archiveVersion = 1;
	classes = {
	};
	objectVersion = 46;
	objects = {

/* Begin PBXBuildFile section */
		0D7A0A931A20EBA3003789C2 /* AppDelegate.swift in Sources */ = {isa = PBXBuildFile; fileRef = 0D7A0A921A20EBA3003789C2 /* AppDelegate.swift */; };
		0D7A0A951A20EBA3003789C2 /* ViewController.swift in Sources */ = {isa = PBXBuildFile; fileRef = 0D7A0A941A20EBA3003789C2 /* ViewController.swift */; };
		0D7A0A971A20EBA3003789C2 /* Images.xcassets in Resources */ = {isa = PBXBuildFile; fileRef = 0D7A0A961A20EBA3003789C2 /* Images.xcassets */; };
		0D7A0A9A1A20EBA3003789C2 /* Main.storyboard in Resources */ = {isa = PBXBuildFile; fileRef = 0D7A0A981A20EBA3003789C2 /* Main.storyboard */; };
		0D7A0AA61A20EBA3003789C2 /* TestMacProjectTests.swift in Sources */ = {isa = PBXBuildFile; fileRef = 0D7A0AA51A20EBA3003789C2 /* TestMacProjectTests.swift */; };
/* End PBXBuildFile section */

/* Begin PBXContainerItemProxy section */
		0D7A0AA01A20EBA3003789C2 /* PBXContainerItemProxy */ = {
			isa = PBXContainerItemProxy;
			containerPortal = 0D7A0A851A20EBA3003789C2 /* Project object */;
			proxyType = 1;
			remoteGlobalIDString = 0D7A0A8C1A20EBA3003789C2;
			remoteInfo = TestMacProject;
		};
/* End PBXContainerItemProxy section */

/* Begin PBXFileReference section */
		0D7A0A8D1A20EBA3003789C2 /* TestMacProject.app */ = {isa = PBXFileReference; explicitFileType = wrapper.application; includeInIndex = 0; path = TestMacProject.app; sourceTree = BUILT_PRODUCTS_DIR; };
		0D7A0A911A20EBA3003789C2 /* Info.plist */ = {isa = PBXFileReference; lastKnownFileType = text.plist.xml; path = Info.plist; sourceTree = "<group>"; };
		0D7A0A921A20EBA3003789C2 /* AppDelegate.swift */ = {isa = PBXFileReference; lastKnownFileType = sourcecode.swift; path = AppDelegate.swift; sourceTree = "<group>"; };
		0D7A0A941A20EBA3003789C2 /* ViewController.swift */ = {isa = PBXFileReference; lastKnownFileType = sourcecode.swift; path = ViewController.swift; sourceTree = "<group>"; };
		0D7A0A961A20EBA3003789C2 /* Images.xcassets */ = {isa = PBXFileReference; lastKnownFileType = folder.assetcatalog; path = Images.xcassets; sourceTree = "<group>"; };
		0D7A0A991A20EBA3003789C2 /* Base */ = {isa = PBXFileReference; lastKnownFileType = file.storyboard; name = Base; path = Base.lproj/Main.storyboard; sourceTree = "<group>"; };
		0D7A0A9F1A20EBA3003789C2 /* TestMacProjectTests.xctest */ = {isa = PBXFileReference; explicitFileType = wrapper.cfbundle; includeInIndex = 0; path = TestMacProjectTests.xctest; sourceTree = BUILT_PRODUCTS_DIR; };
		0D7A0AA41A20EBA3003789C2 /* Info.plist */ = {isa = PBXFileReference; lastKnownFileType = text.plist.xml; path = Info.plist; sourceTree = "<group>"; };
		0D7A0AA51A20EBA3003789C2 /* TestMacProjectTests.swift */ = {isa = PBXFileReference; lastKnownFileType = sourcecode.swift; path = TestMacProjectTests.swift; sourceTree = "<group>"; };
/* End PBXFileReference section */

/* Begin PBXFrameworksBuildPhase section */
		0D7A0A8A1A20EBA3003789C2 /* Frameworks */ = {
			isa = PBXFrameworksBuildPhase;
			buildActionMask = 2147483647;
			files = (
			);
			runOnlyForDeploymentPostprocessing = 0;
		};
		0D7A0A9C1A20EBA3003789C2 /* Frameworks */ = {
			isa = PBXFrameworksBuildPhase;
			buildActionMask = 2147483647;
			files = (
			);
			runOnlyForDeploymentPostprocessing = 0;
		};
/* End PBXFrameworksBuildPhase section */

/* Begin PBXGroup section */
		0D7A0A841A20EBA3003789C2 = {
			isa = PBXGroup;
			children = (
				0D7A0A8F1A20EBA3003789C2 /* TestMacProject */,
				0D7A0AA21A20EBA3003789C2 /* TestMacProjectTests */,
				0D7A0A8E1A20EBA3003789C2 /* Products */,
			);
			sourceTree = "<group>";
		};
		0D7A0A8E1A20EBA3003789C2 /* Products */ = {
			isa = PBXGroup;
			children = (
				0D7A0A8D1A20EBA3003789C2 /* TestMacProject.app */,
				0D7A0A9F1A20EBA3003789C2 /* TestMacProjectTests.xctest */,
			);
			name = Products;
			sourceTree = "<group>";
		};
		0D7A0A8F1A20EBA3003789C2 /* TestMacProject */ = {
			isa = PBXGroup;
			children = (
				0D7A0A921A20EBA3003789C2 /* AppDelegate.swift */,
				0D7A0A941A20EBA3003789C2 /* ViewController.swift */,
				0D7A0A961A20EBA3003789C2 /* Images.xcassets */,
				0D7A0A981A20EBA3003789C2 /* Main.storyboard */,
				0D7A0A901A20EBA3003789C2 /* Supporting Files */,
			);
			path = TestMacProject;
			sourceTree = "<group>";
		};
		0D7A0A901A20EBA3003789C2 /* Supporting Files */ = {
			isa = PBXGroup;
			children = (
				0D7A0A911A20EBA3003789C2 /* Info.plist */,
			);
			name = "Supporting Files";
			sourceTree = "<group>";
		};
		0D7A0AA21A20EBA3003789C2 /* TestMacProjectTests */ = {
			isa = PBXGroup;
			children = (
				0D7A0AA51A20EBA3003789C2 /* TestMacProjectTests.swift */,
				0D7A0AA31A20EBA3003789C2 /* Supporting Files */,
			);
			path = TestMacProjectTests;
			sourceTree = "<group>";
		};
		0D7A0AA31A20EBA3003789C2 /* Supporting Files */ = {
			isa = PBXGroup;
			children = (
				0D7A0AA41A20EBA3003789C2 /* Info.plist */,
			);
			name = "Supporting Files";
			sourceTree = "<group>";
		};
/* End PBXGroup section */

/* Begin PBXNativeTarget section */
		0D7A0A8C1A20EBA3003789C2 /* TestMacProject */ = {
			isa = PBXNativeTarget;
			buildConfigurationList = 0D7A0AA91A20EBA3003789C2 /* Build configuration list for PBXNativeTarget "TestMacProject" */;
			buildPhases = (
				0D7A0A891A20EBA3003789C2 /* Sources */,
				0D7A0A8A1A20EBA3003789C2 /* Frameworks */,
				0D7A0A8B1A20EBA3003789C2 /* Resources */,
			);
			buildRules = (
			);
			dependencies = (
			);
			name = TestMacProject;
			productName = TestMacProject;
			productReference = 0D7A0A8D1A20EBA3003789C2 /* TestMacProject.app */;
			productType = "com.apple.product-type.application";
		};
		0D7A0A9E1A20EBA3003789C2 /* TestMacProjectTests */ = {
			isa = PBXNativeTarget;
			buildConfigurationList = 0D7A0AAC1A20EBA3003789C2 /* Build configuration list for PBXNativeTarget "TestMacProjectTests" */;
			buildPhases = (
				0D7A0A9B1A20EBA3003789C2 /* Sources */,
				0D7A0A9C1A20EBA3003789C2 /* Frameworks */,
				0D7A0A9D1A20EBA3003789C2 /* Resources */,
			);
			buildRules = (
			);
			dependencies = (
				0D7A0AA11A20EBA3003789C2 /* PBXTargetDependency */,
			);
			name = TestMacProjectTests;
			productName = TestMacProjectTests;
			productReference = 0D7A0A9F1A20EBA3003789C2 /* TestMacProjectTests.xctest */;
			productType = "com.apple.product-type.bundle.unit-test";
		};
/* End PBXNativeTarget section */

/* Begin PBXProject section */
		0D7A0A851A20EBA3003789C2 /* Project object */ = {
			isa = PBXProject;
			attributes = {
				LastUpgradeCheck = 0610;
				ORGANIZATIONNAME = PachieOrg;
				TargetAttributes = {
					0D7A0A8C1A20EBA3003789C2 = {
						CreatedOnToolsVersion = 6.1;
					};
					0D7A0A9E1A20EBA3003789C2 = {
						CreatedOnToolsVersion = 6.1;
						TestTargetID = 0D7A0A8C1A20EBA3003789C2;
					};
				};
			};
			buildConfigurationList = 0D7A0A881A20EBA3003789C2 /* Build configuration list for PBXProject "TestMacProject" */;
			compatibilityVersion = "Xcode 3.2";
			developmentRegion = English;
			hasScannedForEncodings = 0;
			knownRegions = (
				en,
				Base,
			);
			mainGroup = 0D7A0A841A20EBA3003789C2;
			productRefGroup = 0D7A0A8E1A20EBA3003789C2 /* Products */;
			projectDirPath = "";
			projectRoot = "";
			targets = (
				0D7A0A8C1A20EBA3003789C2 /* TestMacProject */,
				0D7A0A9E1A20EBA3003789C2 /* TestMacProjectTests */,
			);
		};
/* End PBXProject section */

/* Begin PBXResourcesBuildPhase section */
		0D7A0A8B1A20EBA3003789C2 /* Resources */ = {
			isa = PBXResourcesBuildPhase;
			buildActionMask = 2147483647;
			files = (
				0D7A0A971A20EBA3003789C2 /* Images.xcassets in Resources */,
				0D7A0A9A1A20EBA3003789C2 /* Main.storyboard in Resources */,
			);
			runOnlyForDeploymentPostprocessing = 0;
		};
		0D7A0A9D1A20EBA3003789C2 /* Resources */ = {
			isa = PBXResourcesBuildPhase;
			buildActionMask = 2147483647;
			files = (
			);
			runOnlyForDeploymentPostprocessing = 0;
		};
/* End PBXResourcesBuildPhase section */

/* Begin PBXSourcesBuildPhase section */
		0D7A0A891A20EBA3003789C2 /* Sources */ = {
			isa = PBXSourcesBuildPhase;
			buildActionMask = 2147483647;
			files = (
				0D7A0A951A20EBA3003789C2 /* ViewController.swift in Sources */,
				0D7A0A931A20EBA3003789C2 /* AppDelegate.swift in Sources */,
			);
			runOnlyForDeploymentPostprocessing = 0;
		};
		0D7A0A9B1A20EBA3003789C2 /* Sources */ = {
			isa = PBXSourcesBuildPhase;
			buildActionMask = 2147483647;
			files = (
				0D7A0AA61A20EBA3003789C2 /* TestMacProjectTests.swift in Sources */,
			);
			runOnlyForDeploymentPostprocessing = 0;
		};
/* End PBXSourcesBuildPhase section */

/* Begin PBXTargetDependency section */
		0D7A0AA11A20EBA3003789C2 /* PBXTargetDependency */ = {
			isa = PBXTargetDependency;
			target = 0D7A0A8C1A20EBA3003789C2 /* TestMacProject */;
			targetProxy = 0D7A0AA01A20EBA3003789C2 /* PBXContainerItemProxy */;
		};
/* End PBXTargetDependency section */

/* Begin PBXVariantGroup section */
		0D7A0A981A20EBA3003789C2 /* Main.storyboard */ = {
			isa = PBXVariantGroup;
			children = (
				0D7A0A991A20EBA3003789C2 /* Base */,
			);
			name = Main.storyboard;
			sourceTree = "<group>";
		};
/* End PBXVariantGroup section */

/* Begin XCBuildConfiguration section */
		0D7A0AA71A20EBA3003789C2 /* Debug */ = {
			isa = XCBuildConfiguration;
			buildSettings = {
				ALWAYS_SEARCH_USER_PATHS = NO;
				CLANG_CXX_LANGUAGE_STANDARD = "gnu++0x";
				CLANG_CXX_LIBRARY = "libc++";
				CLANG_ENABLE_MODULES = YES;
				CLANG_ENABLE_OBJC_ARC = YES;
				CLANG_WARN_BOOL_CONVERSION = YES;
				CLANG_WARN_CONSTANT_CONVERSION = YES;
				CLANG_WARN_DIRECT_OBJC_ISA_USAGE = YES_ERROR;
				CLANG_WARN_EMPTY_BODY = YES;
				CLANG_WARN_ENUM_CONVERSION = YES;
				CLANG_WARN_INT_CONVERSION = YES;
				CLANG_WARN_OBJC_ROOT_CLASS = YES_ERROR;
				CLANG_WARN_UNREACHABLE_CODE = YES;
				CLANG_WARN__DUPLICATE_METHOD_MATCH = YES;
				CODE_SIGN_IDENTITY = "-";
				COPY_PHASE_STRIP = NO;
				ENABLE_STRICT_OBJC_MSGSEND = YES;
				GCC_C_LANGUAGE_STANDARD = gnu99;
				GCC_DYNAMIC_NO_PIC = NO;
				GCC_OPTIMIZATION_LEVEL = 0;
				GCC_PREPROCESSOR_DEFINITIONS = (
					"DEBUG=1",
					"$(inherited)",
				);
				GCC_SYMBOLS_PRIVATE_EXTERN = NO;
				GCC_WARN_64_TO_32_BIT_CONVERSION = YES;
				GCC_WARN_ABOUT_RETURN_TYPE = YES_ERROR;
				GCC_WARN_UNDECLARED_SELECTOR = YES;
				GCC_WARN_UNINITIALIZED_AUTOS = YES_AGGRESSIVE;
				GCC_WARN_UNUSED_FUNCTION = YES;
				GCC_WARN_UNUSED_VARIABLE = YES;
				MACOSX_DEPLOYMENT_TARGET = 10.10;
				MTL_ENABLE_DEBUG_INFO = YES;
				ONLY_ACTIVE_ARCH = YES;
				SDKROOT = macosx;
				SWIFT_OPTIMIZATION_LEVEL = "-Onone";
			};
			name = Debug;
		};
		0D7A0AA81A20EBA3003789C2 /* Release */ = {
			isa = XCBuildConfiguration;
			buildSettings = {
				ALWAYS_SEARCH_USER_PATHS = NO;
				CLANG_CXX_LANGUAGE_STANDARD = "gnu++0x";
				CLANG_CXX_LIBRARY = "libc++";
				CLANG_ENABLE_MODULES = YES;
				CLANG_ENABLE_OBJC_ARC = YES;
				CLANG_WARN_BOOL_CONVERSION = YES;
				CLANG_WARN_CONSTANT_CONVERSION = YES;
				CLANG_WARN_DIRECT_OBJC_ISA_USAGE = YES_ERROR;
				CLANG_WARN_EMPTY_BODY = YES;
				CLANG_WARN_ENUM_CONVERSION = YES;
				CLANG_WARN_INT_CONVERSION = YES;
				CLANG_WARN_OBJC_ROOT_CLASS = YES_ERROR;
				CLANG_WARN_UNREACHABLE_CODE = YES;
				CLANG_WARN__DUPLICATE_METHOD_MATCH = YES;
				CODE_SIGN_IDENTITY = "-";
				COPY_PHASE_STRIP = YES;
				DEBUG_INFORMATION_FORMAT = "dwarf-with-dsym";
				ENABLE_NS_ASSERTIONS = NO;
				ENABLE_STRICT_OBJC_MSGSEND = YES;
				GCC_C_LANGUAGE_STANDARD = gnu99;
				GCC_WARN_64_TO_32_BIT_CONVERSION = YES;
				GCC_WARN_ABOUT_RETURN_TYPE = YES_ERROR;
				GCC_WARN_UNDECLARED_SELECTOR = YES;
				GCC_WARN_UNINITIALIZED_AUTOS = YES_AGGRESSIVE;
				GCC_WARN_UNUSED_FUNCTION = YES;
				GCC_WARN_UNUSED_VARIABLE = YES;
				MACOSX_DEPLOYMENT_TARGET = 10.10;
				MTL_ENABLE_DEBUG_INFO = NO;
				SDKROOT = macosx;
			};
			name = Release;
		};
		0D7A0AAA1A20EBA3003789C2 /* Debug */ = {
			isa = XCBuildConfiguration;
			buildSettings = {
				ASSETCATALOG_COMPILER_APPICON_NAME = AppIcon;
				COMBINE_HIDPI_IMAGES = YES;
				INFOPLIST_FILE = TestMacProject/Info.plist;
				LD_RUNPATH_SEARCH_PATHS = "$(inherited) @executable_path/../Frameworks";
				PRODUCT_NAME = "$(TARGET_NAME)";
			};
			name = Debug;
		};
		0D7A0AAB1A20EBA3003789C2 /* Release */ = {
			isa = XCBuildConfiguration;
			buildSettings = {
				ASSETCATALOG_COMPILER_APPICON_NAME = AppIcon;
				COMBINE_HIDPI_IMAGES = YES;
				INFOPLIST_FILE = TestMacProject/Info.plist;
				LD_RUNPATH_SEARCH_PATHS = "$(inherited) @executable_path/../Frameworks";
				PRODUCT_NAME = "$(TARGET_NAME)";
			};
			name = Release;
		};
		0D7A0AAD1A20EBA3003789C2 /* Debug */ = {
			isa = XCBuildConfiguration;
			buildSettings = {
				BUNDLE_LOADER = "$(TEST_HOST)";
				COMBINE_HIDPI_IMAGES = YES;
				FRAMEWORK_SEARCH_PATHS = (
					"$(DEVELOPER_FRAMEWORKS_DIR)",
					"$(inherited)",
				);
				GCC_PREPROCESSOR_DEFINITIONS = (
					"DEBUG=1",
					"$(inherited)",
				);
				INFOPLIST_FILE = TestMacProjectTests/Info.plist;
				LD_RUNPATH_SEARCH_PATHS = "$(inherited) @executable_path/../Frameworks @loader_path/../Frameworks";
				PRODUCT_NAME = "$(TARGET_NAME)";
				TEST_HOST = "$(BUILT_PRODUCTS_DIR)/TestMacProject.app/Contents/MacOS/TestMacProject";
			};
			name = Debug;
		};
		0D7A0AAE1A20EBA3003789C2 /* Release */ = {
			isa = XCBuildConfiguration;
			buildSettings = {
				BUNDLE_LOADER = "$(TEST_HOST)";
				COMBINE_HIDPI_IMAGES = YES;
				FRAMEWORK_SEARCH_PATHS = (
					"$(DEVELOPER_FRAMEWORKS_DIR)",
					"$(inherited)",
				);
				INFOPLIST_FILE = TestMacProjectTests/Info.plist;
				LD_RUNPATH_SEARCH_PATHS = "$(inherited) @executable_path/../Frameworks @loader_path/../Frameworks";
				PRODUCT_NAME = "$(TARGET_NAME)";
				TEST_HOST = "$(BUILT_PRODUCTS_DIR)/TestMacProject.app/Contents/MacOS/TestMacProject";
			};
			name = Release;
		};
/* End XCBuildConfiguration section */

/* Begin XCConfigurationList section */
		0D7A0A881A20EBA3003789C2 /* Build configuration list for PBXProject "TestMacProject" */ = {
			isa = XCConfigurationList;
			buildConfigurations = (
				0D7A0AA71A20EBA3003789C2 /* Debug */,
				0D7A0AA81A20EBA3003789C2 /* Release */,
			);
			defaultConfigurationIsVisible = 0;
			defaultConfigurationName = Release;
		};
		0D7A0AA91A20EBA3003789C2 /* Build configuration list for PBXNativeTarget "TestMacProject" */ = {
			isa = XCConfigurationList;
			buildConfigurations = (
				0D7A0AAA1A20EBA3003789C2 /* Debug */,
				0D7A0AAB1A20EBA3003789C2 /* Release */,
			);
			defaultConfigurationIsVisible = 0;
		};
		0D7A0AAC1A20EBA3003789C2 /* Build configuration list for PBXNativeTarget "TestMacProjectTests" */ = {
			isa = XCConfigurationList;
			buildConfigurations = (
				0D7A0AAD1A20EBA3003789C2 /* Debug */,
				0D7A0AAE1A20EBA3003789C2 /* Release */,
			);
			defaultConfigurationIsVisible = 0;
		};
/* End XCConfigurationList section */
	};
	rootObject = 0D7A0A851A20EBA3003789C2 /* Project object */;
}
